// !$*UTF8*$!
{
	archiveVersion = 1;
	classes = {
	};
	objectVersion = 50;
	objects = {

/* Begin PBXBuildFile section */
		27D3CA71236093410015A8F2 /* AppDelegate.swift in Sources */ = {isa = PBXBuildFile; fileRef = 27D3CA70236093410015A8F2 /* AppDelegate.swift */; };
		27D3CA73236093410015A8F2 /* SceneDelegate.swift in Sources */ = {isa = PBXBuildFile; fileRef = 27D3CA72236093410015A8F2 /* SceneDelegate.swift */; };
		27D3CA75236093410015A8F2 /* ContentView.swift in Sources */ = {isa = PBXBuildFile; fileRef = 27D3CA74236093410015A8F2 /* ContentView.swift */; };
		27D3CA77236093460015A8F2 /* Assets.xcassets in Resources */ = {isa = PBXBuildFile; fileRef = 27D3CA76236093460015A8F2 /* Assets.xcassets */; };
		27D3CA7A236093460015A8F2 /* Preview Assets.xcassets in Resources */ = {isa = PBXBuildFile; fileRef = 27D3CA79236093460015A8F2 /* Preview Assets.xcassets */; };
		27D3CA7D236093460015A8F2 /* LaunchScreen.storyboard in Resources */ = {isa = PBXBuildFile; fileRef = 27D3CA7B236093460015A8F2 /* LaunchScreen.storyboard */; };
		27D3CA88236093460015A8F2 /* Get_FitTests.swift in Sources */ = {isa = PBXBuildFile; fileRef = 27D3CA87236093460015A8F2 /* Get_FitTests.swift */; };
		27D3CA93236093460015A8F2 /* Get_FitUITests.swift in Sources */ = {isa = PBXBuildFile; fileRef = 27D3CA92236093460015A8F2 /* Get_FitUITests.swift */; };
/* End PBXBuildFile section */

/* Begin PBXContainerItemProxy section */
		27D3CA84236093460015A8F2 /* PBXContainerItemProxy */ = {
			isa = PBXContainerItemProxy;
			containerPortal = 27D3CA65236093410015A8F2 /* Project object */;
			proxyType = 1;
			remoteGlobalIDString = 27D3CA6C236093410015A8F2;
			remoteInfo = "Get Fit";
		};
		27D3CA8F236093460015A8F2 /* PBXContainerItemProxy */ = {
			isa = PBXContainerItemProxy;
			containerPortal = 27D3CA65236093410015A8F2 /* Project object */;
			proxyType = 1;
			remoteGlobalIDString = 27D3CA6C236093410015A8F2;
			remoteInfo = "Get Fit";
		};
/* End PBXContainerItemProxy section */

/* Begin PBXFileReference section */
		27D3CA6D236093410015A8F2 /* Get Fit.app */ = {isa = PBXFileReference; explicitFileType = wrapper.application; includeInIndex = 0; path = "Get Fit.app"; sourceTree = BUILT_PRODUCTS_DIR; };
		27D3CA70236093410015A8F2 /* AppDelegate.swift */ = {isa = PBXFileReference; lastKnownFileType = sourcecode.swift; path = AppDelegate.swift; sourceTree = "<group>"; };
		27D3CA72236093410015A8F2 /* SceneDelegate.swift */ = {isa = PBXFileReference; lastKnownFileType = sourcecode.swift; path = SceneDelegate.swift; sourceTree = "<group>"; };
		27D3CA74236093410015A8F2 /* ContentView.swift */ = {isa = PBXFileReference; lastKnownFileType = sourcecode.swift; path = ContentView.swift; sourceTree = "<group>"; };
		27D3CA76236093460015A8F2 /* Assets.xcassets */ = {isa = PBXFileReference; lastKnownFileType = folder.assetcatalog; path = Assets.xcassets; sourceTree = "<group>"; };
		27D3CA79236093460015A8F2 /* Preview Assets.xcassets */ = {isa = PBXFileReference; lastKnownFileType = folder.assetcatalog; path = "Preview Assets.xcassets"; sourceTree = "<group>"; };
		27D3CA7C236093460015A8F2 /* Base */ = {isa = PBXFileReference; lastKnownFileType = file.storyboard; name = Base; path = Base.lproj/LaunchScreen.storyboard; sourceTree = "<group>"; };
		27D3CA7E236093460015A8F2 /* Info.plist */ = {isa = PBXFileReference; lastKnownFileType = text.plist.xml; path = Info.plist; sourceTree = "<group>"; };
		27D3CA83236093460015A8F2 /* Get FitTests.xctest */ = {isa = PBXFileReference; explicitFileType = wrapper.cfbundle; includeInIndex = 0; path = "Get FitTests.xctest"; sourceTree = BUILT_PRODUCTS_DIR; };
		27D3CA87236093460015A8F2 /* Get_FitTests.swift */ = {isa = PBXFileReference; lastKnownFileType = sourcecode.swift; path = Get_FitTests.swift; sourceTree = "<group>"; };
		27D3CA89236093460015A8F2 /* Info.plist */ = {isa = PBXFileReference; lastKnownFileType = text.plist.xml; path = Info.plist; sourceTree = "<group>"; };
		27D3CA8E236093460015A8F2 /* Get FitUITests.xctest */ = {isa = PBXFileReference; explicitFileType = wrapper.cfbundle; includeInIndex = 0; path = "Get FitUITests.xctest"; sourceTree = BUILT_PRODUCTS_DIR; };
		27D3CA92236093460015A8F2 /* Get_FitUITests.swift */ = {isa = PBXFileReference; lastKnownFileType = sourcecode.swift; path = Get_FitUITests.swift; sourceTree = "<group>"; };
		27D3CA94236093460015A8F2 /* Info.plist */ = {isa = PBXFileReference; lastKnownFileType = text.plist.xml; path = Info.plist; sourceTree = "<group>"; };
/* End PBXFileReference section */

/* Begin PBXFrameworksBuildPhase section */
		27D3CA6A236093410015A8F2 /* Frameworks */ = {
			isa = PBXFrameworksBuildPhase;
			buildActionMask = 2147483647;
			files = (
			);
			runOnlyForDeploymentPostprocessing = 0;
		};
		27D3CA80236093460015A8F2 /* Frameworks */ = {
			isa = PBXFrameworksBuildPhase;
			buildActionMask = 2147483647;
			files = (
			);
			runOnlyForDeploymentPostprocessing = 0;
		};
		27D3CA8B236093460015A8F2 /* Frameworks */ = {
			isa = PBXFrameworksBuildPhase;
			buildActionMask = 2147483647;
			files = (
			);
			runOnlyForDeploymentPostprocessing = 0;
		};
/* End PBXFrameworksBuildPhase section */

/* Begin PBXGroup section */
		27D3CA64236093410015A8F2 = {
			isa = PBXGroup;
			children = (
				27D3CA6F236093410015A8F2 /* Get Fit */,
				27D3CA86236093460015A8F2 /* Get FitTests */,
				27D3CA91236093460015A8F2 /* Get FitUITests */,
				27D3CA6E236093410015A8F2 /* Products */,
			);
			sourceTree = "<group>";
		};
		27D3CA6E236093410015A8F2 /* Products */ = {
			isa = PBXGroup;
			children = (
				27D3CA6D236093410015A8F2 /* Get Fit.app */,
				27D3CA83236093460015A8F2 /* Get FitTests.xctest */,
				27D3CA8E236093460015A8F2 /* Get FitUITests.xctest */,
			);
			name = Products;
			sourceTree = "<group>";
		};
		27D3CA6F236093410015A8F2 /* Get Fit */ = {
			isa = PBXGroup;
			children = (
				27D3CA70236093410015A8F2 /* AppDelegate.swift */,
				27D3CA72236093410015A8F2 /* SceneDelegate.swift */,
				27D3CA74236093410015A8F2 /* ContentView.swift */,
				27D3CA76236093460015A8F2 /* Assets.xcassets */,
				27D3CA7B236093460015A8F2 /* LaunchScreen.storyboard */,
				27D3CA7E236093460015A8F2 /* Info.plist */,
				27D3CA78236093460015A8F2 /* Preview Content */,
			);
			path = "Get Fit";
			sourceTree = "<group>";
		};
		27D3CA78236093460015A8F2 /* Preview Content */ = {
			isa = PBXGroup;
			children = (
				27D3CA79236093460015A8F2 /* Preview Assets.xcassets */,
			);
			path = "Preview Content";
			sourceTree = "<group>";
		};
		27D3CA86236093460015A8F2 /* Get FitTests */ = {
			isa = PBXGroup;
			children = (
				27D3CA87236093460015A8F2 /* Get_FitTests.swift */,
				27D3CA89236093460015A8F2 /* Info.plist */,
			);
			path = "Get FitTests";
			sourceTree = "<group>";
		};
		27D3CA91236093460015A8F2 /* Get FitUITests */ = {
			isa = PBXGroup;
			children = (
				27D3CA92236093460015A8F2 /* Get_FitUITests.swift */,
				27D3CA94236093460015A8F2 /* Info.plist */,
			);
			path = "Get FitUITests";
			sourceTree = "<group>";
		};
/* End PBXGroup section */

/* Begin PBXNativeTarget section */
		27D3CA6C236093410015A8F2 /* Get Fit */ = {
			isa = PBXNativeTarget;
			buildConfigurationList = 27D3CA97236093460015A8F2 /* Build configuration list for PBXNativeTarget "Get Fit" */;
			buildPhases = (
				27D3CA69236093410015A8F2 /* Sources */,
				27D3CA6A236093410015A8F2 /* Frameworks */,
				27D3CA6B236093410015A8F2 /* Resources */,
			);
			buildRules = (
			);
			dependencies = (
			);
			name = "Get Fit";
			productName = "Get Fit";
			productReference = 27D3CA6D236093410015A8F2 /* Get Fit.app */;
			productType = "com.apple.product-type.application";
		};
		27D3CA82236093460015A8F2 /* Get FitTests */ = {
			isa = PBXNativeTarget;
			buildConfigurationList = 27D3CA9A236093460015A8F2 /* Build configuration list for PBXNativeTarget "Get FitTests" */;
			buildPhases = (
				27D3CA7F236093460015A8F2 /* Sources */,
				27D3CA80236093460015A8F2 /* Frameworks */,
				27D3CA81236093460015A8F2 /* Resources */,
			);
			buildRules = (
			);
			dependencies = (
				27D3CA85236093460015A8F2 /* PBXTargetDependency */,
			);
			name = "Get FitTests";
			productName = "Get FitTests";
			productReference = 27D3CA83236093460015A8F2 /* Get FitTests.xctest */;
			productType = "com.apple.product-type.bundle.unit-test";
		};
		27D3CA8D236093460015A8F2 /* Get FitUITests */ = {
			isa = PBXNativeTarget;
			buildConfigurationList = 27D3CA9D236093460015A8F2 /* Build configuration list for PBXNativeTarget "Get FitUITests" */;
			buildPhases = (
				27D3CA8A236093460015A8F2 /* Sources */,
				27D3CA8B236093460015A8F2 /* Frameworks */,
				27D3CA8C236093460015A8F2 /* Resources */,
			);
			buildRules = (
			);
			dependencies = (
				27D3CA90236093460015A8F2 /* PBXTargetDependency */,
			);
			name = "Get FitUITests";
			productName = "Get FitUITests";
			productReference = 27D3CA8E236093460015A8F2 /* Get FitUITests.xctest */;
			productType = "com.apple.product-type.bundle.ui-testing";
		};
/* End PBXNativeTarget section */

/* Begin PBXProject section */
		27D3CA65236093410015A8F2 /* Project object */ = {
			isa = PBXProject;
			attributes = {
				LastSwiftUpdateCheck = 1100;
				LastUpgradeCheck = 1100;
				ORGANIZATIONNAME = "Dajoun Anderson";
				TargetAttributes = {
					27D3CA6C236093410015A8F2 = {
						CreatedOnToolsVersion = 11.0;
					};
					27D3CA82236093460015A8F2 = {
						CreatedOnToolsVersion = 11.0;
						TestTargetID = 27D3CA6C236093410015A8F2;
					};
					27D3CA8D236093460015A8F2 = {
						CreatedOnToolsVersion = 11.0;
						TestTargetID = 27D3CA6C236093410015A8F2;
					};
				};
			};
			buildConfigurationList = 27D3CA68236093410015A8F2 /* Build configuration list for PBXProject "Get Fit" */;
			compatibilityVersion = "Xcode 9.3";
			developmentRegion = en;
			hasScannedForEncodings = 0;
			knownRegions = (
				en,
				Base,
			);
			mainGroup = 27D3CA64236093410015A8F2;
			productRefGroup = 27D3CA6E236093410015A8F2 /* Products */;
			projectDirPath = "";
			projectRoot = "";
			targets = (
				27D3CA6C236093410015A8F2 /* Get Fit */,
				27D3CA82236093460015A8F2 /* Get FitTests */,
				27D3CA8D236093460015A8F2 /* Get FitUITests */,
			);
		};
/* End PBXProject section */

/* Begin PBXResourcesBuildPhase section */
		27D3CA6B236093410015A8F2 /* Resources */ = {
			isa = PBXResourcesBuildPhase;
			buildActionMask = 2147483647;
			files = (
				27D3CA7D236093460015A8F2 /* LaunchScreen.storyboard in Resources */,
				27D3CA7A236093460015A8F2 /* Preview Assets.xcassets in Resources */,
				27D3CA77236093460015A8F2 /* Assets.xcassets in Resources */,
			);
			runOnlyForDeploymentPostprocessing = 0;
		};
		27D3CA81236093460015A8F2 /* Resources */ = {
			isa = PBXResourcesBuildPhase;
			buildActionMask = 2147483647;
			files = (
			);
			runOnlyForDeploymentPostprocessing = 0;
		};
		27D3CA8C236093460015A8F2 /* Resources */ = {
			isa = PBXResourcesBuildPhase;
			buildActionMask = 2147483647;
			files = (
			);
			runOnlyForDeploymentPostprocessing = 0;
		};
/* End PBXResourcesBuildPhase section */

/* Begin PBXSourcesBuildPhase section */
		27D3CA69236093410015A8F2 /* Sources */ = {
			isa = PBXSourcesBuildPhase;
			buildActionMask = 2147483647;
			files = (
				27D3CA71236093410015A8F2 /* AppDelegate.swift in Sources */,
				27D3CA73236093410015A8F2 /* SceneDelegate.swift in Sources */,
				27D3CA75236093410015A8F2 /* ContentView.swift in Sources */,
			);
			runOnlyForDeploymentPostprocessing = 0;
		};
		27D3CA7F236093460015A8F2 /* Sources */ = {
			isa = PBXSourcesBuildPhase;
			buildActionMask = 2147483647;
			files = (
				27D3CA88236093460015A8F2 /* Get_FitTests.swift in Sources */,
			);
			runOnlyForDeploymentPostprocessing = 0;
		};
		27D3CA8A236093460015A8F2 /* Sources */ = {
			isa = PBXSourcesBuildPhase;
			buildActionMask = 2147483647;
			files = (
				27D3CA93236093460015A8F2 /* Get_FitUITests.swift in Sources */,
			);
			runOnlyForDeploymentPostprocessing = 0;
		};
/* End PBXSourcesBuildPhase section */

/* Begin PBXTargetDependency section */
		27D3CA85236093460015A8F2 /* PBXTargetDependency */ = {
			isa = PBXTargetDependency;
			target = 27D3CA6C236093410015A8F2 /* Get Fit */;
			targetProxy = 27D3CA84236093460015A8F2 /* PBXContainerItemProxy */;
		};
		27D3CA90236093460015A8F2 /* PBXTargetDependency */ = {
			isa = PBXTargetDependency;
			target = 27D3CA6C236093410015A8F2 /* Get Fit */;
			targetProxy = 27D3CA8F236093460015A8F2 /* PBXContainerItemProxy */;
		};
/* End PBXTargetDependency section */

/* Begin PBXVariantGroup section */
		27D3CA7B236093460015A8F2 /* LaunchScreen.storyboard */ = {
			isa = PBXVariantGroup;
			children = (
				27D3CA7C236093460015A8F2 /* Base */,
			);
			name = LaunchScreen.storyboard;
			sourceTree = "<group>";
		};
/* End PBXVariantGroup section */

/* Begin XCBuildConfiguration section */
		27D3CA95236093460015A8F2 /* Debug */ = {
			isa = XCBuildConfiguration;
			buildSettings = {
				ALWAYS_SEARCH_USER_PATHS = NO;
				CLANG_ANALYZER_NONNULL = YES;
				CLANG_ANALYZER_NUMBER_OBJECT_CONVERSION = YES_AGGRESSIVE;
				CLANG_CXX_LANGUAGE_STANDARD = "gnu++14";
				CLANG_CXX_LIBRARY = "libc++";
				CLANG_ENABLE_MODULES = YES;
				CLANG_ENABLE_OBJC_ARC = YES;
				CLANG_ENABLE_OBJC_WEAK = YES;
				CLANG_WARN_BLOCK_CAPTURE_AUTORELEASING = YES;
				CLANG_WARN_BOOL_CONVERSION = YES;
				CLANG_WARN_COMMA = YES;
				CLANG_WARN_CONSTANT_CONVERSION = YES;
				CLANG_WARN_DEPRECATED_OBJC_IMPLEMENTATIONS = YES;
				CLANG_WARN_DIRECT_OBJC_ISA_USAGE = YES_ERROR;
				CLANG_WARN_DOCUMENTATION_COMMENTS = YES;
				CLANG_WARN_EMPTY_BODY = YES;
				CLANG_WARN_ENUM_CONVERSION = YES;
				CLANG_WARN_INFINITE_RECURSION = YES;
				CLANG_WARN_INT_CONVERSION = YES;
				CLANG_WARN_NON_LITERAL_NULL_CONVERSION = YES;
				CLANG_WARN_OBJC_IMPLICIT_RETAIN_SELF = YES;
				CLANG_WARN_OBJC_LITERAL_CONVERSION = YES;
				CLANG_WARN_OBJC_ROOT_CLASS = YES_ERROR;
				CLANG_WARN_RANGE_LOOP_ANALYSIS = YES;
				CLANG_WARN_STRICT_PROTOTYPES = YES;
				CLANG_WARN_SUSPICIOUS_MOVE = YES;
				CLANG_WARN_UNGUARDED_AVAILABILITY = YES_AGGRESSIVE;
				CLANG_WARN_UNREACHABLE_CODE = YES;
				CLANG_WARN__DUPLICATE_METHOD_MATCH = YES;
				COPY_PHASE_STRIP = NO;
				DEBUG_INFORMATION_FORMAT = dwarf;
				ENABLE_STRICT_OBJC_MSGSEND = YES;
				ENABLE_TESTABILITY = YES;
				GCC_C_LANGUAGE_STANDARD = gnu11;
				GCC_DYNAMIC_NO_PIC = NO;
				GCC_NO_COMMON_BLOCKS = YES;
				GCC_OPTIMIZATION_LEVEL = 0;
				GCC_PREPROCESSOR_DEFINITIONS = (
					"DEBUG=1",
					"$(inherited)",
				);
				GCC_WARN_64_TO_32_BIT_CONVERSION = YES;
				GCC_WARN_ABOUT_RETURN_TYPE = YES_ERROR;
				GCC_WARN_UNDECLARED_SELECTOR = YES;
				GCC_WARN_UNINITIALIZED_AUTOS = YES_AGGRESSIVE;
				GCC_WARN_UNUSED_FUNCTION = YES;
				GCC_WARN_UNUSED_VARIABLE = YES;
				IPHONEOS_DEPLOYMENT_TARGET = 13.0;
				MTL_ENABLE_DEBUG_INFO = INCLUDE_SOURCE;
				MTL_FAST_MATH = YES;
				ONLY_ACTIVE_ARCH = YES;
				SDKROOT = iphoneos;
				SWIFT_ACTIVE_COMPILATION_CONDITIONS = DEBUG;
				SWIFT_OPTIMIZATION_LEVEL = "-Onone";
			};
			name = Debug;
		};
		27D3CA96236093460015A8F2 /* Release */ = {
			isa = XCBuildConfiguration;
			buildSettings = {
				ALWAYS_SEARCH_USER_PATHS = NO;
				CLANG_ANALYZER_NONNULL = YES;
				CLANG_ANALYZER_NUMBER_OBJECT_CONVERSION = YES_AGGRESSIVE;
				CLANG_CXX_LANGUAGE_STANDARD = "gnu++14";
				CLANG_CXX_LIBRARY = "libc++";
				CLANG_ENABLE_MODULES = YES;
				CLANG_ENABLE_OBJC_ARC = YES;
				CLANG_ENABLE_OBJC_WEAK = YES;
				CLANG_WARN_BLOCK_CAPTURE_AUTORELEASING = YES;
				CLANG_WARN_BOOL_CONVERSION = YES;
				CLANG_WARN_COMMA = YES;
				CLANG_WARN_CONSTANT_CONVERSION = YES;
				CLANG_WARN_DEPRECATED_OBJC_IMPLEMENTATIONS = YES;
				CLANG_WARN_DIRECT_OBJC_ISA_USAGE = YES_ERROR;
				CLANG_WARN_DOCUMENTATION_COMMENTS = YES;
				CLANG_WARN_EMPTY_BODY = YES;
				CLANG_WARN_ENUM_CONVERSION = YES;
				CLANG_WARN_INFINITE_RECURSION = YES;
				CLANG_WARN_INT_CONVERSION = YES;
				CLANG_WARN_NON_LITERAL_NULL_CONVERSION = YES;
				CLANG_WARN_OBJC_IMPLICIT_RETAIN_SELF = YES;
				CLANG_WARN_OBJC_LITERAL_CONVERSION = YES;
				CLANG_WARN_OBJC_ROOT_CLASS = YES_ERROR;
				CLANG_WARN_RANGE_LOOP_ANALYSIS = YES;
				CLANG_WARN_STRICT_PROTOTYPES = YES;
				CLANG_WARN_SUSPICIOUS_MOVE = YES;
				CLANG_WARN_UNGUARDED_AVAILABILITY = YES_AGGRESSIVE;
				CLANG_WARN_UNREACHABLE_CODE = YES;
				CLANG_WARN__DUPLICATE_METHOD_MATCH = YES;
				COPY_PHASE_STRIP = NO;
				DEBUG_INFORMATION_FORMAT = "dwarf-with-dsym";
				ENABLE_NS_ASSERTIONS = NO;
				ENABLE_STRICT_OBJC_MSGSEND = YES;
				GCC_C_LANGUAGE_STANDARD = gnu11;
				GCC_NO_COMMON_BLOCKS = YES;
				GCC_WARN_64_TO_32_BIT_CONVERSION = YES;
				GCC_WARN_ABOUT_RETURN_TYPE = YES_ERROR;
				GCC_WARN_UNDECLARED_SELECTOR = YES;
				GCC_WARN_UNINITIALIZED_AUTOS = YES_AGGRESSIVE;
				GCC_WARN_UNUSED_FUNCTION = YES;
				GCC_WARN_UNUSED_VARIABLE = YES;
				IPHONEOS_DEPLOYMENT_TARGET = 13.0;
				MTL_ENABLE_DEBUG_INFO = NO;
				MTL_FAST_MATH = YES;
				SDKROOT = iphoneos;
				SWIFT_COMPILATION_MODE = wholemodule;
				SWIFT_OPTIMIZATION_LEVEL = "-O";
				VALIDATE_PRODUCT = YES;
			};
			name = Release;
		};
		27D3CA98236093460015A8F2 /* Debug */ = {
			isa = XCBuildConfiguration;
			buildSettings = {
				ASSETCATALOG_COMPILER_APPICON_NAME = AppIcon;
				CODE_SIGN_STYLE = Automatic;
				DEVELOPMENT_ASSET_PATHS = "\"Get Fit/Preview Content\"";
				ENABLE_PREVIEWS = YES;
				INFOPLIST_FILE = "Get Fit/Info.plist";
				LD_RUNPATH_SEARCH_PATHS = (
					"$(inherited)",
					"@executable_path/Frameworks",
				);
				PRODUCT_BUNDLE_IDENTIFIER = "Healthy.com.Get-Fit";
				PRODUCT_NAME = "$(TARGET_NAME)";
				SWIFT_VERSION = 5.0;
				TARGETED_DEVICE_FAMILY = "1,2";
			};
			name = Debug;
		};
		27D3CA99236093460015A8F2 /* Release */ = {
			isa = XCBuildConfiguration;
			buildSettings = {
				ASSETCATALOG_COMPILER_APPICON_NAME = AppIcon;
				CODE_SIGN_STYLE = Automatic;
				DEVELOPMENT_ASSET_PATHS = "\"Get Fit/Preview Content\"";
				ENABLE_PREVIEWS = YES;
				INFOPLIST_FILE = "Get Fit/Info.plist";
				LD_RUNPATH_SEARCH_PATHS = (
					"$(inherited)",
					"@executable_path/Frameworks",
				);
				PRODUCT_BUNDLE_IDENTIFIER = "Healthy.com.Get-Fit";
				PRODUCT_NAME = "$(TARGET_NAME)";
				SWIFT_VERSION = 5.0;
				TARGETED_DEVICE_FAMILY = "1,2";
			};
			name = Release;
		};
		27D3CA9B236093460015A8F2 /* Debug */ = {
			isa = XCBuildConfiguration;
			buildSettings = {
				ALWAYS_EMBED_SWIFT_STANDARD_LIBRARIES = YES;
				BUNDLE_LOADER = "$(TEST_HOST)";
				CODE_SIGN_STYLE = Automatic;
				INFOPLIST_FILE = "Get FitTests/Info.plist";
				IPHONEOS_DEPLOYMENT_TARGET = 13.0;
				LD_RUNPATH_SEARCH_PATHS = (
					"$(inherited)",
					"@executable_path/Frameworks",
					"@loader_path/Frameworks",
				);
				PRODUCT_BUNDLE_IDENTIFIER = "Healthy.com.Get-FitTests";
				PRODUCT_NAME = "$(TARGET_NAME)";
				SWIFT_VERSION = 5.0;
				TARGETED_DEVICE_FAMILY = "1,2";
				TEST_HOST = "$(BUILT_PRODUCTS_DIR)/Get Fit.app/Get Fit";
			};
			name = Debug;
		};
		27D3CA9C236093460015A8F2 /* Release */ = {
			isa = XCBuildConfiguration;
			buildSettings = {
				ALWAYS_EMBED_SWIFT_STANDARD_LIBRARIES = YES;
				BUNDLE_LOADER = "$(TEST_HOST)";
				CODE_SIGN_STYLE = Automatic;
				INFOPLIST_FILE = "Get FitTests/Info.plist";
				IPHONEOS_DEPLOYMENT_TARGET = 13.0;
				LD_RUNPATH_SEARCH_PATHS = (
					"$(inherited)",
					"@executable_path/Frameworks",
					"@loader_path/Frameworks",
				);
				PRODUCT_BUNDLE_IDENTIFIER = "Healthy.com.Get-FitTests";
				PRODUCT_NAME = "$(TARGET_NAME)";
				SWIFT_VERSION = 5.0;
				TARGETED_DEVICE_FAMILY = "1,2";
				TEST_HOST = "$(BUILT_PRODUCTS_DIR)/Get Fit.app/Get Fit";
			};
			name = Release;
		};
		27D3CA9E236093460015A8F2 /* Debug */ = {
			isa = XCBuildConfiguration;
			buildSettings = {
				ALWAYS_EMBED_SWIFT_STANDARD_LIBRARIES = YES;
				CODE_SIGN_STYLE = Automatic;
				INFOPLIST_FILE = "Get FitUITests/Info.plist";
				LD_RUNPATH_SEARCH_PATHS = (
					"$(inherited)",
					"@executable_path/Frameworks",
					"@loader_path/Frameworks",
				);
				PRODUCT_BUNDLE_IDENTIFIER = "Healthy.com.Get-FitUITests";
				PRODUCT_NAME = "$(TARGET_NAME)";
				SWIFT_VERSION = 5.0;
				TARGETED_DEVICE_FAMILY = "1,2";
				TEST_TARGET_NAME = "Get Fit";
			};
			name = Debug;
		};
		27D3CA9F236093460015A8F2 /* Release */ = {
			isa = XCBuildConfiguration;
			buildSettings = {
				ALWAYS_EMBED_SWIFT_STANDARD_LIBRARIES = YES;
				CODE_SIGN_STYLE = Automatic;
				INFOPLIST_FILE = "Get FitUITests/Info.plist";
				LD_RUNPATH_SEARCH_PATHS = (
					"$(inherited)",
					"@executable_path/Frameworks",
					"@loader_path/Frameworks",
				);
				PRODUCT_BUNDLE_IDENTIFIER = "Healthy.com.Get-FitUITests";
				PRODUCT_NAME = "$(TARGET_NAME)";
				SWIFT_VERSION = 5.0;
				TARGETED_DEVICE_FAMILY = "1,2";
				TEST_TARGET_NAME = "Get Fit";
			};
			name = Release;
		};
/* End XCBuildConfiguration section */

/* Begin XCConfigurationList section */
		27D3CA68236093410015A8F2 /* Build configuration list for PBXProject "Get Fit" */ = {
			isa = XCConfigurationList;
			buildConfigurations = (
				27D3CA95236093460015A8F2 /* Debug */,
				27D3CA96236093460015A8F2 /* Release */,
			);
			defaultConfigurationIsVisible = 0;
			defaultConfigurationName = Release;
		};
		27D3CA97236093460015A8F2 /* Build configuration list for PBXNativeTarget "Get Fit" */ = {
			isa = XCConfigurationList;
			buildConfigurations = (
				27D3CA98236093460015A8F2 /* Debug */,
				27D3CA99236093460015A8F2 /* Release */,
			);
			defaultConfigurationIsVisible = 0;
			defaultConfigurationName = Release;
		};
		27D3CA9A236093460015A8F2 /* Build configuration list for PBXNativeTarget "Get FitTests" */ = {
			isa = XCConfigurationList;
			buildConfigurations = (
				27D3CA9B236093460015A8F2 /* Debug */,
				27D3CA9C236093460015A8F2 /* Release */,
			);
			defaultConfigurationIsVisible = 0;
			defaultConfigurationName = Release;
		};
		27D3CA9D236093460015A8F2 /* Build configuration list for PBXNativeTarget "Get FitUITests" */ = {
			isa = XCConfigurationList;
			buildConfigurations = (
				27D3CA9E236093460015A8F2 /* Debug */,
				27D3CA9F236093460015A8F2 /* Release */,
			);
			defaultConfigurationIsVisible = 0;
			defaultConfigurationName = Release;
		};
/* End XCConfigurationList section */
	};
	rootObject = 27D3CA65236093410015A8F2 /* Project object */;
}
